{
  "nodes": {
    "flakeNimbleLib": {
      "inputs": {
        "nixpkgs": [
          "nixpkgs"
        ]
      },
      "locked": {
        "lastModified": 1662018438,
        "narHash": "sha256-QtNtU6+LX3Wokxf0zlFwKTFOcn6TeDjKQZ+DA9OYtvM=",
        "owner": "riinr",
        "repo": "nim-flakes-lib",
        "rev": "b1fe8340736e3a85d25c709ac3dfd82a55c03cbf",
        "type": "github"
      },
      "original": {
        "owner": "riinr",
        "ref": "master",
        "repo": "nim-flakes-lib",
        "type": "github"
      }
    },
    "nixpkgs": {
      "locked": {
        "lastModified": 1667110639,
        "narHash": "sha256-4FbPESZ5LbqQxkJJJBAfk/zKgF9h/4kyUwjjpJwYlbc=",
        "owner": "NixOS",
        "repo": "nixpkgs",
        "rev": "f38a1f04d1bec1feb61fd101a0539ae2002a7087",
        "type": "github"
      },
      "original": {
        "id": "nixpkgs",
        "type": "indirect"
      }
    },
    "notmuch-master": {
      "inputs": {
        "flakeNimbleLib": [
          "flakeNimbleLib"
        ],
        "nixpkgs": [
          "nixpkgs"
        ],
        "src-notmuch-master": "src-notmuch-master"
      },
      "locked": {
        "dir": "master",
        "lastModified": 1662254702,
        "narHash": "sha256-YB15EK1JAXt3ZEozIZZnHMK1BY909SvUHTtCMhGJOYg=",
        "owner": "nim-nix-pkgs",
        "repo": "notmuch",
        "rev": "71d1ed67e5bbe00fe98c8bc7b8bb9dbe9802ed33",
        "type": "github"
      },
      "original": {
        "dir": "master",
        "owner": "nim-nix-pkgs",
        "ref": "master",
        "repo": "notmuch",
        "type": "github"
      }
    },
    "root": {
      "inputs": {
        "flakeNimbleLib": "flakeNimbleLib",
        "nixpkgs": "nixpkgs",
        "notmuch-master": "notmuch-master"
      }
    },
    "src-notmuch-master": {
      "flake": false,
      "locked": {
        "lastModified": 1583936008,
        "narHash": "sha256-+oAoCg/647FuKVTEl0uRh4W56z9kaJTGBCIdjfVL9i4=",
        "owner": "samdmarshall",
        "repo": "notmuch.nim",
        "rev": "bb5c1c48e13514efa1e9cda59045b242cb0751f5",
        "type": "github"
      },
      "original": {
        "owner": "samdmarshall",
        "ref": "refs/heads/master",
        "repo": "notmuch.nim",
        "type": "github"
      }
    }
  },
  "root": "root",
  "version": 7
}
